
Microsoft Visual Studio Solution File, Format Version 12.00
# Visual Studio Version 16
VisualStudioVersion = 16.0.30330.147
MinimumVisualStudioVersion = 10.0.40219.1
Project("{FAE04EC0-301F-11D3-BF4B-00C04F79EFBC}") = "BallPark Order", "BallPark Order.csproj", "{AE084C8A-64CA-4C2A-A681-77B03A093A58}"
EndProject
Global
	GlobalSection(SolutionConfigurationPlatforms) = preSolution
		Debug|Any CPU = Debug|Any CPU
		Release|Any CPU = Release|Any CPU
	EndGlobalSection
	GlobalSection(ProjectConfigurationPlatforms) = postSolution
		{AE084C8A-64CA-4C2A-A681-77B03A093A58}.Debug|Any CPU.ActiveCfg = Debug|Any CPU
		{AE084C8A-64CA-4C2A-A681-77B03A093A58}.Debug|Any CPU.Build.0 = Debug|Any CPU
		{AE084C8A-64CA-4C2A-A681-77B03A093A58}.Release|Any CPU.ActiveCfg = Release|Any CPU
		{AE084C8A-64CA-4C2A-A681-77B03A093A58}.Release|Any CPU.Build.0 = Release|Any CPU
	EndGlobalSection
	GlobalSection(SolutionProperties) = preSolution
		HideSolutionNode = FALSE
	EndGlobalSection
	GlobalSection(ExtensibilityGlobals) = postSolution
		SolutionGuid = {23C181C7-99C6-404B-AA39-EC4453FBAF18}
	EndGlobalSection
EndGlobal
