
Microsoft Visual Studio Solution File, Format Version 12.00
# Visual Studio Version 16
VisualStudioVersion = 16.0.30413.136
MinimumVisualStudioVersion = 10.0.40219.1
Project("{9092AA53-FB77-4645-B42D-1CCCA6BD08BD}") = "Cube Root", "Cube Root.njsproj", "{9489380E-D82D-44E3-BAF8-7A80539266E0}"
EndProject
Global
	GlobalSection(SolutionConfigurationPlatforms) = preSolution
		Debug|Any CPU = Debug|Any CPU
		Release|Any CPU = Release|Any CPU
	EndGlobalSection
	GlobalSection(ProjectConfigurationPlatforms) = postSolution
		{9489380E-D82D-44E3-BAF8-7A80539266E0}.Debug|Any CPU.ActiveCfg = Debug|Any CPU
		{9489380E-D82D-44E3-BAF8-7A80539266E0}.Debug|Any CPU.Build.0 = Debug|Any CPU
		{9489380E-D82D-44E3-BAF8-7A80539266E0}.Release|Any CPU.ActiveCfg = Release|Any CPU
		{9489380E-D82D-44E3-BAF8-7A80539266E0}.Release|Any CPU.Build.0 = Release|Any CPU
	EndGlobalSection
	GlobalSection(SolutionProperties) = preSolution
		HideSolutionNode = FALSE
	EndGlobalSection
	GlobalSection(ExtensibilityGlobals) = postSolution
		SolutionGuid = {5DB30F30-D34F-4965-9384-3CF7A8692704}
	EndGlobalSection
EndGlobal
