
Microsoft Visual Studio Solution File, Format Version 12.00
# Visual Studio Version 16
VisualStudioVersion = 16.0.32106.194
MinimumVisualStudioVersion = 10.0.40219.1
Project("{FAE04EC0-301F-11D3-BF4B-00C04F79EFBC}") = "Day Between Dates", "Day Between Dates.csproj", "{81D5ACE0-E874-42C9-AF56-DE4F772B821A}"
EndProject
Global
	GlobalSection(SolutionConfigurationPlatforms) = preSolution
		Debug|Any CPU = Debug|Any CPU
		Release|Any CPU = Release|Any CPU
	EndGlobalSection
	GlobalSection(ProjectConfigurationPlatforms) = postSolution
		{81D5ACE0-E874-42C9-AF56-DE4F772B821A}.Debug|Any CPU.ActiveCfg = Debug|Any CPU
		{81D5ACE0-E874-42C9-AF56-DE4F772B821A}.Debug|Any CPU.Build.0 = Debug|Any CPU
		{81D5ACE0-E874-42C9-AF56-DE4F772B821A}.Release|Any CPU.ActiveCfg = Release|Any CPU
		{81D5ACE0-E874-42C9-AF56-DE4F772B821A}.Release|Any CPU.Build.0 = Release|Any CPU
	EndGlobalSection
	GlobalSection(SolutionProperties) = preSolution
		HideSolutionNode = FALSE
	EndGlobalSection
	GlobalSection(ExtensibilityGlobals) = postSolution
		SolutionGuid = {A055E250-B381-4349-869A-132DECB1958A}
	EndGlobalSection
EndGlobal
