
Microsoft Visual Studio Solution File, Format Version 12.00
# Visual Studio Version 16
VisualStudioVersion = 16.0.30413.136
MinimumVisualStudioVersion = 10.0.40219.1
Project("{FAE04EC0-301F-11D3-BF4B-00C04F79EFBC}") = "Deja Vu", "Deja Vu.csproj", "{48B73038-32A7-4BCB-887F-5C5D1D46BE0D}"
EndProject
Global
	GlobalSection(SolutionConfigurationPlatforms) = preSolution
		Debug|Any CPU = Debug|Any CPU
		Release|Any CPU = Release|Any CPU
	EndGlobalSection
	GlobalSection(ProjectConfigurationPlatforms) = postSolution
		{48B73038-32A7-4BCB-887F-5C5D1D46BE0D}.Debug|Any CPU.ActiveCfg = Debug|Any CPU
		{48B73038-32A7-4BCB-887F-5C5D1D46BE0D}.Debug|Any CPU.Build.0 = Debug|Any CPU
		{48B73038-32A7-4BCB-887F-5C5D1D46BE0D}.Release|Any CPU.ActiveCfg = Release|Any CPU
		{48B73038-32A7-4BCB-887F-5C5D1D46BE0D}.Release|Any CPU.Build.0 = Release|Any CPU
	EndGlobalSection
	GlobalSection(SolutionProperties) = preSolution
		HideSolutionNode = FALSE
	EndGlobalSection
	GlobalSection(ExtensibilityGlobals) = postSolution
		SolutionGuid = {42B89C6C-E35B-43C8-B886-E83198B7C453}
	EndGlobalSection
EndGlobal
