
Microsoft Visual Studio Solution File, Format Version 12.00
# Visual Studio Version 16
VisualStudioVersion = 16.0.30330.147
MinimumVisualStudioVersion = 10.0.40219.1
Project("{FAE04EC0-301F-11D3-BF4B-00C04F79EFBC}") = "Password Validation", "Password Validation.csproj", "{64CCC7DC-4A45-463E-9F0A-A9A137DF6A2B}"
EndProject
Global
	GlobalSection(SolutionConfigurationPlatforms) = preSolution
		Debug|Any CPU = Debug|Any CPU
		Release|Any CPU = Release|Any CPU
	EndGlobalSection
	GlobalSection(ProjectConfigurationPlatforms) = postSolution
		{64CCC7DC-4A45-463E-9F0A-A9A137DF6A2B}.Debug|Any CPU.ActiveCfg = Debug|Any CPU
		{64CCC7DC-4A45-463E-9F0A-A9A137DF6A2B}.Debug|Any CPU.Build.0 = Debug|Any CPU
		{64CCC7DC-4A45-463E-9F0A-A9A137DF6A2B}.Release|Any CPU.ActiveCfg = Release|Any CPU
		{64CCC7DC-4A45-463E-9F0A-A9A137DF6A2B}.Release|Any CPU.Build.0 = Release|Any CPU
	EndGlobalSection
	GlobalSection(SolutionProperties) = preSolution
		HideSolutionNode = FALSE
	EndGlobalSection
	GlobalSection(ExtensibilityGlobals) = postSolution
		SolutionGuid = {392E1252-6A5E-49CD-8249-9C0C71FE8EA5}
	EndGlobalSection
EndGlobal
