
Microsoft Visual Studio Solution File, Format Version 12.00
# Visual Studio Version 16
VisualStudioVersion = 16.0.30330.147
MinimumVisualStudioVersion = 10.0.40219.1
Project("{FAE04EC0-301F-11D3-BF4B-00C04F79EFBC}") = "RemoveSpaceFromString", "RemoveSpaceFromString.csproj", "{F97D2A3F-68FF-4C75-8AB5-D4355A72644E}"
EndProject
Global
	GlobalSection(SolutionConfigurationPlatforms) = preSolution
		Debug|Any CPU = Debug|Any CPU
		Release|Any CPU = Release|Any CPU
	EndGlobalSection
	GlobalSection(ProjectConfigurationPlatforms) = postSolution
		{F97D2A3F-68FF-4C75-8AB5-D4355A72644E}.Debug|Any CPU.ActiveCfg = Debug|Any CPU
		{F97D2A3F-68FF-4C75-8AB5-D4355A72644E}.Debug|Any CPU.Build.0 = Debug|Any CPU
		{F97D2A3F-68FF-4C75-8AB5-D4355A72644E}.Release|Any CPU.ActiveCfg = Release|Any CPU
		{F97D2A3F-68FF-4C75-8AB5-D4355A72644E}.Release|Any CPU.Build.0 = Release|Any CPU
	EndGlobalSection
	GlobalSection(SolutionProperties) = preSolution
		HideSolutionNode = FALSE
	EndGlobalSection
	GlobalSection(ExtensibilityGlobals) = postSolution
		SolutionGuid = {17AAF7D0-71B1-43A5-A7DF-578CF0982A0F}
	EndGlobalSection
EndGlobal
