
Microsoft Visual Studio Solution File, Format Version 12.00
# Visual Studio Version 16
VisualStudioVersion = 16.0.30330.147
MinimumVisualStudioVersion = 10.0.40219.1
Project("{FAE04EC0-301F-11D3-BF4B-00C04F79EFBC}") = "Collatz Conjenture", "Collatz Conjenture.csproj", "{6411F37C-3CD3-4595-905C-17760D6A4738}"
EndProject
Global
	GlobalSection(SolutionConfigurationPlatforms) = preSolution
		Debug|Any CPU = Debug|Any CPU
		Release|Any CPU = Release|Any CPU
	EndGlobalSection
	GlobalSection(ProjectConfigurationPlatforms) = postSolution
		{6411F37C-3CD3-4595-905C-17760D6A4738}.Debug|Any CPU.ActiveCfg = Debug|Any CPU
		{6411F37C-3CD3-4595-905C-17760D6A4738}.Debug|Any CPU.Build.0 = Debug|Any CPU
		{6411F37C-3CD3-4595-905C-17760D6A4738}.Release|Any CPU.ActiveCfg = Release|Any CPU
		{6411F37C-3CD3-4595-905C-17760D6A4738}.Release|Any CPU.Build.0 = Release|Any CPU
	EndGlobalSection
	GlobalSection(SolutionProperties) = preSolution
		HideSolutionNode = FALSE
	EndGlobalSection
	GlobalSection(ExtensibilityGlobals) = postSolution
		SolutionGuid = {CD8DE069-ED8F-4936-8136-EF83C1062CD6}
	EndGlobalSection
EndGlobal
