
Microsoft Visual Studio Solution File, Format Version 12.00
# Visual Studio Version 16
VisualStudioVersion = 16.0.30804.86
MinimumVisualStudioVersion = 10.0.40219.1
Project("{FAE04EC0-301F-11D3-BF4B-00C04F79EFBC}") = "Kaleidoscope", "Kaleidoscope.csproj", "{803F3154-97D7-4A8A-9055-967D805B75F1}"
EndProject
Global
	GlobalSection(SolutionConfigurationPlatforms) = preSolution
		Debug|Any CPU = Debug|Any CPU
		Release|Any CPU = Release|Any CPU
	EndGlobalSection
	GlobalSection(ProjectConfigurationPlatforms) = postSolution
		{803F3154-97D7-4A8A-9055-967D805B75F1}.Debug|Any CPU.ActiveCfg = Debug|Any CPU
		{803F3154-97D7-4A8A-9055-967D805B75F1}.Debug|Any CPU.Build.0 = Debug|Any CPU
		{803F3154-97D7-4A8A-9055-967D805B75F1}.Release|Any CPU.ActiveCfg = Release|Any CPU
		{803F3154-97D7-4A8A-9055-967D805B75F1}.Release|Any CPU.Build.0 = Release|Any CPU
	EndGlobalSection
	GlobalSection(SolutionProperties) = preSolution
		HideSolutionNode = FALSE
	EndGlobalSection
	GlobalSection(ExtensibilityGlobals) = postSolution
		SolutionGuid = {90707C42-7992-4DCC-B640-2C29195E01CA}
	EndGlobalSection
EndGlobal
