
Microsoft Visual Studio Solution File, Format Version 12.00
# Visual Studio Version 16
VisualStudioVersion = 16.0.30413.136
MinimumVisualStudioVersion = 10.0.40219.1
Project("{FAE04EC0-301F-11D3-BF4B-00C04F79EFBC}") = "Halloween Candy", "Halloween Candy.csproj", "{A1EC952D-A487-49DC-B979-3184B48B51E3}"
EndProject
Global
	GlobalSection(SolutionConfigurationPlatforms) = preSolution
		Debug|Any CPU = Debug|Any CPU
		Release|Any CPU = Release|Any CPU
	EndGlobalSection
	GlobalSection(ProjectConfigurationPlatforms) = postSolution
		{A1EC952D-A487-49DC-B979-3184B48B51E3}.Debug|Any CPU.ActiveCfg = Debug|Any CPU
		{A1EC952D-A487-49DC-B979-3184B48B51E3}.Debug|Any CPU.Build.0 = Debug|Any CPU
		{A1EC952D-A487-49DC-B979-3184B48B51E3}.Release|Any CPU.ActiveCfg = Release|Any CPU
		{A1EC952D-A487-49DC-B979-3184B48B51E3}.Release|Any CPU.Build.0 = Release|Any CPU
	EndGlobalSection
	GlobalSection(SolutionProperties) = preSolution
		HideSolutionNode = FALSE
	EndGlobalSection
	GlobalSection(ExtensibilityGlobals) = postSolution
		SolutionGuid = {E01EF2DD-076C-460A-B5FE-5968EB536923}
	EndGlobalSection
EndGlobal
