
Microsoft Visual Studio Solution File, Format Version 12.00
# Visual Studio Version 16
VisualStudioVersion = 16.0.30413.136
MinimumVisualStudioVersion = 10.0.40219.1
Project("{FAE04EC0-301F-11D3-BF4B-00C04F79EFBC}") = "Cheer Creator", "Cheer Creator.csproj", "{A6A460CC-FD64-4376-B121-C9FB6F29150D}"
EndProject
Global
	GlobalSection(SolutionConfigurationPlatforms) = preSolution
		Debug|Any CPU = Debug|Any CPU
		Release|Any CPU = Release|Any CPU
	EndGlobalSection
	GlobalSection(ProjectConfigurationPlatforms) = postSolution
		{A6A460CC-FD64-4376-B121-C9FB6F29150D}.Debug|Any CPU.ActiveCfg = Debug|Any CPU
		{A6A460CC-FD64-4376-B121-C9FB6F29150D}.Debug|Any CPU.Build.0 = Debug|Any CPU
		{A6A460CC-FD64-4376-B121-C9FB6F29150D}.Release|Any CPU.ActiveCfg = Release|Any CPU
		{A6A460CC-FD64-4376-B121-C9FB6F29150D}.Release|Any CPU.Build.0 = Release|Any CPU
	EndGlobalSection
	GlobalSection(SolutionProperties) = preSolution
		HideSolutionNode = FALSE
	EndGlobalSection
	GlobalSection(ExtensibilityGlobals) = postSolution
		SolutionGuid = {5603C13C-FDF7-4A54-BE14-53EA361920BE}
	EndGlobalSection
EndGlobal
